
Microsoft Visual Studio Solution File, Format Version 12.00
# Visual Studio 15
VisualStudioVersion = 15.0.27130.2027
MinimumVisualStudioVersion = 10.0.40219.1
Project("{FAE04EC0-301F-11D3-BF4B-00C04F79EFBC}") = "MyScriptureJournalChrisBrown", "MyScriptureJournalChrisBrown\MyScriptureJournalChrisBrown.csproj", "{0FEEC68D-12AB-44AC-9075-5BBE2E8B8E7A}"
EndProject
Global
	GlobalSection(SolutionConfigurationPlatforms) = preSolution
		Debug|Any CPU = Debug|Any CPU
		Release|Any CPU = Release|Any CPU
	EndGlobalSection
	GlobalSection(ProjectConfigurationPlatforms) = postSolution
		{0FEEC68D-12AB-44AC-9075-5BBE2E8B8E7A}.Debug|Any CPU.ActiveCfg = Debug|Any CPU
		{0FEEC68D-12AB-44AC-9075-5BBE2E8B8E7A}.Debug|Any CPU.Build.0 = Debug|Any CPU
		{0FEEC68D-12AB-44AC-9075-5BBE2E8B8E7A}.Release|Any CPU.ActiveCfg = Release|Any CPU
		{0FEEC68D-12AB-44AC-9075-5BBE2E8B8E7A}.Release|Any CPU.Build.0 = Release|Any CPU
	EndGlobalSection
	GlobalSection(SolutionProperties) = preSolution
		HideSolutionNode = FALSE
	EndGlobalSection
	GlobalSection(ExtensibilityGlobals) = postSolution
		SolutionGuid = {E00C473B-F06A-4905-B9FA-F490F4E96982}
	EndGlobalSection
EndGlobal
